
Microsoft Visual Studio Solution File, Format Version 12.00
# Visual Studio Version 17
VisualStudioVersion = 17.10.35013.160
MinimumVisualStudioVersion = 10.0.40219.1
Project("{FAE04EC0-301F-11D3-BF4B-00C04F79EFBC}") = "Baitap1207", "Baitap1207\Baitap1207.csproj", "{A8FB49EF-DF69-4F74-9CB3-C22AE0C22941}"
EndProject
Global
	GlobalSection(SolutionConfigurationPlatforms) = preSolution
		Debug|Any CPU = Debug|Any CPU
		Release|Any CPU = Release|Any CPU
	EndGlobalSection
	GlobalSection(ProjectConfigurationPlatforms) = postSolution
		{A8FB49EF-DF69-4F74-9CB3-C22AE0C22941}.Debug|Any CPU.ActiveCfg = Debug|Any CPU
		{A8FB49EF-DF69-4F74-9CB3-C22AE0C22941}.Debug|Any CPU.Build.0 = Debug|Any CPU
		{A8FB49EF-DF69-4F74-9CB3-C22AE0C22941}.Release|Any CPU.ActiveCfg = Release|Any CPU
		{A8FB49EF-DF69-4F74-9CB3-C22AE0C22941}.Release|Any CPU.Build.0 = Release|Any CPU
	EndGlobalSection
	GlobalSection(SolutionProperties) = preSolution
		HideSolutionNode = FALSE
	EndGlobalSection
	GlobalSection(ExtensibilityGlobals) = postSolution
		SolutionGuid = {E291C8FF-2D75-4D74-9CCC-882EF02E205C}
	EndGlobalSection
EndGlobal
