
Microsoft Visual Studio Solution File, Format Version 12.00
# Visual Studio Version 17
VisualStudioVersion = 17.10.34916.146
MinimumVisualStudioVersion = 10.0.40219.1
Project("{FAE04EC0-301F-11D3-BF4B-00C04F79EFBC}") = "Hao2406", "Hao2406\Hao2406.csproj", "{69EBEEE3-B2A4-43FA-A2A3-7439D66D8F13}"
EndProject
Global
	GlobalSection(SolutionConfigurationPlatforms) = preSolution
		Debug|Any CPU = Debug|Any CPU
		Release|Any CPU = Release|Any CPU
	EndGlobalSection
	GlobalSection(ProjectConfigurationPlatforms) = postSolution
		{69EBEEE3-B2A4-43FA-A2A3-7439D66D8F13}.Debug|Any CPU.ActiveCfg = Debug|Any CPU
		{69EBEEE3-B2A4-43FA-A2A3-7439D66D8F13}.Debug|Any CPU.Build.0 = Debug|Any CPU
		{69EBEEE3-B2A4-43FA-A2A3-7439D66D8F13}.Release|Any CPU.ActiveCfg = Release|Any CPU
		{69EBEEE3-B2A4-43FA-A2A3-7439D66D8F13}.Release|Any CPU.Build.0 = Release|Any CPU
	EndGlobalSection
	GlobalSection(SolutionProperties) = preSolution
		HideSolutionNode = FALSE
	EndGlobalSection
	GlobalSection(ExtensibilityGlobals) = postSolution
		SolutionGuid = {1D4D3C13-B037-40BA-B1E6-241CBF90631B}
	EndGlobalSection
EndGlobal
